
Microsoft Visual Studio Solution File, Format Version 12.00
Project("{FAE04EC0-301F-11D3-BF4B-00C04F79EFBC}") = "RabbitMQ.ESB.MassTransit.WorkerService.Consumer", "RabbitMQ.ESB.MassTransit.WorkerService.Consumer\RabbitMQ.ESB.MassTransit.WorkerService.Consumer.csproj", "{9EC4CBA4-5BD9-4B23-9339-C5A2F4B30354}"
EndProject
Project("{FAE04EC0-301F-11D3-BF4B-00C04F79EFBC}") = "RabbitMQ.ESB.MassTransit.WorkerService.Publisher", "RabbitMQ.ESB.MassTransit.WorkerService.Publisher\RabbitMQ.ESB.MassTransit.WorkerService.Publisher.csproj", "{AF54C497-D910-4B56-AE15-2AF0061C0546}"
EndProject
Project("{FAE04EC0-301F-11D3-BF4B-00C04F79EFBC}") = "RabbitMQ.ESB.MassTransit.Shared", "RabbitMQ.ESB.MassTransit.Shared\RabbitMQ.ESB.MassTransit.Shared.csproj", "{BCEC2F02-7111-4263-AD95-7D3128F20CDA}"
EndProject
Global
	GlobalSection(SolutionConfigurationPlatforms) = preSolution
		Debug|Any CPU = Debug|Any CPU
		Release|Any CPU = Release|Any CPU
	EndGlobalSection
	GlobalSection(ProjectConfigurationPlatforms) = postSolution
		{9EC4CBA4-5BD9-4B23-9339-C5A2F4B30354}.Debug|Any CPU.ActiveCfg = Debug|Any CPU
		{9EC4CBA4-5BD9-4B23-9339-C5A2F4B30354}.Debug|Any CPU.Build.0 = Debug|Any CPU
		{9EC4CBA4-5BD9-4B23-9339-C5A2F4B30354}.Release|Any CPU.ActiveCfg = Release|Any CPU
		{9EC4CBA4-5BD9-4B23-9339-C5A2F4B30354}.Release|Any CPU.Build.0 = Release|Any CPU
		{AF54C497-D910-4B56-AE15-2AF0061C0546}.Debug|Any CPU.ActiveCfg = Debug|Any CPU
		{AF54C497-D910-4B56-AE15-2AF0061C0546}.Debug|Any CPU.Build.0 = Debug|Any CPU
		{AF54C497-D910-4B56-AE15-2AF0061C0546}.Release|Any CPU.ActiveCfg = Release|Any CPU
		{AF54C497-D910-4B56-AE15-2AF0061C0546}.Release|Any CPU.Build.0 = Release|Any CPU
		{BCEC2F02-7111-4263-AD95-7D3128F20CDA}.Debug|Any CPU.ActiveCfg = Debug|Any CPU
		{BCEC2F02-7111-4263-AD95-7D3128F20CDA}.Debug|Any CPU.Build.0 = Debug|Any CPU
		{BCEC2F02-7111-4263-AD95-7D3128F20CDA}.Release|Any CPU.ActiveCfg = Release|Any CPU
		{BCEC2F02-7111-4263-AD95-7D3128F20CDA}.Release|Any CPU.Build.0 = Release|Any CPU
	EndGlobalSection
EndGlobal
